// !$*UTF8*$!
{
	archiveVersion = 1;
	classes = {
	};
	objectVersion = 50;
	objects = {

/* Begin PBXBuildFile section */
		765B79782086B27800A5D2D2 /* AppDelegate.swift in Sources */ = {isa = PBXBuildFile; fileRef = 765B79772086B27800A5D2D2 /* AppDelegate.swift */; };
		765B797A2086B27800A5D2D2 /* Test1ViewController.swift in Sources */ = {isa = PBXBuildFile; fileRef = 765B79792086B27800A5D2D2 /* Test1ViewController.swift */; };
		765B797D2086B27800A5D2D2 /* Main.storyboard in Resources */ = {isa = PBXBuildFile; fileRef = 765B797B2086B27800A5D2D2 /* Main.storyboard */; };
		765B797F2086B29F00A5D2D2 /* Assets.xcassets in Resources */ = {isa = PBXBuildFile; fileRef = 765B797E2086B29F00A5D2D2 /* Assets.xcassets */; };
		765B79822086B29F00A5D2D2 /* LaunchScreen.storyboard in Resources */ = {isa = PBXBuildFile; fileRef = 765B79802086B29F00A5D2D2 /* LaunchScreen.storyboard */; };
		765B798D2086B2A000A5D2D2 /* demoTests.swift in Sources */ = {isa = PBXBuildFile; fileRef = 765B798C2086B2A000A5D2D2 /* demoTests.swift */; };
		765B79982086B2A000A5D2D2 /* demoUITests.swift in Sources */ = {isa = PBXBuildFile; fileRef = 765B79972086B2A000A5D2D2 /* demoUITests.swift */; };
		765B79A62086B53500A5D2D2 /* Test2ViewController.swift in Sources */ = {isa = PBXBuildFile; fileRef = 765B79A52086B53500A5D2D2 /* Test2ViewController.swift */; };
		765B79A82086B54A00A5D2D2 /* Test3ViewController.swift in Sources */ = {isa = PBXBuildFile; fileRef = 765B79A72086B54A00A5D2D2 /* Test3ViewController.swift */; };
/* End PBXBuildFile section */

/* Begin PBXContainerItemProxy section */
		765B79892086B29F00A5D2D2 /* PBXContainerItemProxy */ = {
			isa = PBXContainerItemProxy;
			containerPortal = 765B796C2086B27700A5D2D2 /* Project object */;
			proxyType = 1;
			remoteGlobalIDString = 765B79732086B27700A5D2D2;
			remoteInfo = demo;
		};
		765B79942086B2A000A5D2D2 /* PBXContainerItemProxy */ = {
			isa = PBXContainerItemProxy;
			containerPortal = 765B796C2086B27700A5D2D2 /* Project object */;
			proxyType = 1;
			remoteGlobalIDString = 765B79732086B27700A5D2D2;
			remoteInfo = demo;
		};
/* End PBXContainerItemProxy section */

/* Begin PBXFileReference section */
		765B79742086B27700A5D2D2 /* demo.app */ = {isa = PBXFileReference; explicitFileType = wrapper.application; includeInIndex = 0; path = demo.app; sourceTree = BUILT_PRODUCTS_DIR; };
		765B79772086B27800A5D2D2 /* AppDelegate.swift */ = {isa = PBXFileReference; lastKnownFileType = sourcecode.swift; path = AppDelegate.swift; sourceTree = "<group>"; };
		765B79792086B27800A5D2D2 /* Test1ViewController.swift */ = {isa = PBXFileReference; lastKnownFileType = sourcecode.swift; path = Test1ViewController.swift; sourceTree = "<group>"; };
		765B797C2086B27800A5D2D2 /* Base */ = {isa = PBXFileReference; lastKnownFileType = file.storyboard; name = Base; path = Base.lproj/Main.storyboard; sourceTree = "<group>"; };
		765B797E2086B29F00A5D2D2 /* Assets.xcassets */ = {isa = PBXFileReference; lastKnownFileType = folder.assetcatalog; path = Assets.xcassets; sourceTree = "<group>"; };
		765B79812086B29F00A5D2D2 /* Base */ = {isa = PBXFileReference; lastKnownFileType = file.storyboard; name = Base; path = Base.lproj/LaunchScreen.storyboard; sourceTree = "<group>"; };
		765B79832086B29F00A5D2D2 /* Info.plist */ = {isa = PBXFileReference; lastKnownFileType = text.plist.xml; path = Info.plist; sourceTree = "<group>"; };
		765B79882086B29F00A5D2D2 /* demoTests.xctest */ = {isa = PBXFileReference; explicitFileType = wrapper.cfbundle; includeInIndex = 0; path = demoTests.xctest; sourceTree = BUILT_PRODUCTS_DIR; };
		765B798C2086B2A000A5D2D2 /* demoTests.swift */ = {isa = PBXFileReference; lastKnownFileType = sourcecode.swift; path = demoTests.swift; sourceTree = "<group>"; };
		765B798E2086B2A000A5D2D2 /* Info.plist */ = {isa = PBXFileReference; lastKnownFileType = text.plist.xml; path = Info.plist; sourceTree = "<group>"; };
		765B79932086B2A000A5D2D2 /* demoUITests.xctest */ = {isa = PBXFileReference; explicitFileType = wrapper.cfbundle; includeInIndex = 0; path = demoUITests.xctest; sourceTree = BUILT_PRODUCTS_DIR; };
		765B79972086B2A000A5D2D2 /* demoUITests.swift */ = {isa = PBXFileReference; lastKnownFileType = sourcecode.swift; path = demoUITests.swift; sourceTree = "<group>"; };
		765B79992086B2A000A5D2D2 /* Info.plist */ = {isa = PBXFileReference; lastKnownFileType = text.plist.xml; path = Info.plist; sourceTree = "<group>"; };
		765B79A52086B53500A5D2D2 /* Test2ViewController.swift */ = {isa = PBXFileReference; lastKnownFileType = sourcecode.swift; path = Test2ViewController.swift; sourceTree = "<group>"; };
		765B79A72086B54A00A5D2D2 /* Test3ViewController.swift */ = {isa = PBXFileReference; lastKnownFileType = sourcecode.swift; path = Test3ViewController.swift; sourceTree = "<group>"; };
/* End PBXFileReference section */

/* Begin PBXFrameworksBuildPhase section */
		765B79712086B27700A5D2D2 /* Frameworks */ = {
			isa = PBXFrameworksBuildPhase;
			buildActionMask = 2147483647;
			files = (
			);
			runOnlyForDeploymentPostprocessing = 0;
		};
		765B79852086B29F00A5D2D2 /* Frameworks */ = {
			isa = PBXFrameworksBuildPhase;
			buildActionMask = 2147483647;
			files = (
			);
			runOnlyForDeploymentPostprocessing = 0;
		};
		765B79902086B2A000A5D2D2 /* Frameworks */ = {
			isa = PBXFrameworksBuildPhase;
			buildActionMask = 2147483647;
			files = (
			);
			runOnlyForDeploymentPostprocessing = 0;
		};
/* End PBXFrameworksBuildPhase section */

/* Begin PBXGroup section */
		765B796B2086B27700A5D2D2 = {
			isa = PBXGroup;
			children = (
				765B79762086B27700A5D2D2 /* demo */,
				765B798B2086B2A000A5D2D2 /* demoTests */,
				765B79962086B2A000A5D2D2 /* demoUITests */,
				765B79752086B27700A5D2D2 /* Products */,
			);
			sourceTree = "<group>";
		};
		765B79752086B27700A5D2D2 /* Products */ = {
			isa = PBXGroup;
			children = (
				765B79742086B27700A5D2D2 /* demo.app */,
				765B79882086B29F00A5D2D2 /* demoTests.xctest */,
				765B79932086B2A000A5D2D2 /* demoUITests.xctest */,
			);
			name = Products;
			sourceTree = "<group>";
		};
		765B79762086B27700A5D2D2 /* demo */ = {
			isa = PBXGroup;
			children = (
				765B79772086B27800A5D2D2 /* AppDelegate.swift */,
				765B79792086B27800A5D2D2 /* Test1ViewController.swift */,
				765B79A52086B53500A5D2D2 /* Test2ViewController.swift */,
				765B79A72086B54A00A5D2D2 /* Test3ViewController.swift */,
				765B797B2086B27800A5D2D2 /* Main.storyboard */,
				765B797E2086B29F00A5D2D2 /* Assets.xcassets */,
				765B79802086B29F00A5D2D2 /* LaunchScreen.storyboard */,
				765B79832086B29F00A5D2D2 /* Info.plist */,
			);
			path = demo;
			sourceTree = "<group>";
		};
		765B798B2086B2A000A5D2D2 /* demoTests */ = {
			isa = PBXGroup;
			children = (
				765B798C2086B2A000A5D2D2 /* demoTests.swift */,
				765B798E2086B2A000A5D2D2 /* Info.plist */,
			);
			path = demoTests;
			sourceTree = "<group>";
		};
		765B79962086B2A000A5D2D2 /* demoUITests */ = {
			isa = PBXGroup;
			children = (
				765B79972086B2A000A5D2D2 /* demoUITests.swift */,
				765B79992086B2A000A5D2D2 /* Info.plist */,
			);
			path = demoUITests;
			sourceTree = "<group>";
		};
/* End PBXGroup section */

/* Begin PBXNativeTarget section */
		765B79732086B27700A5D2D2 /* demo */ = {
			isa = PBXNativeTarget;
			buildConfigurationList = 765B799C2086B2A000A5D2D2 /* Build configuration list for PBXNativeTarget "demo" */;
			buildPhases = (
				765B79702086B27700A5D2D2 /* Sources */,
				765B79712086B27700A5D2D2 /* Frameworks */,
				765B79722086B27700A5D2D2 /* Resources */,
			);
			buildRules = (
			);
			dependencies = (
			);
			name = demo;
			productName = demo;
			productReference = 765B79742086B27700A5D2D2 /* demo.app */;
			productType = "com.apple.product-type.application";
		};
		765B79872086B29F00A5D2D2 /* demoTests */ = {
			isa = PBXNativeTarget;
			buildConfigurationList = 765B799F2086B2A000A5D2D2 /* Build configuration list for PBXNativeTarget "demoTests" */;
			buildPhases = (
				765B79842086B29F00A5D2D2 /* Sources */,
				765B79852086B29F00A5D2D2 /* Frameworks */,
				765B79862086B29F00A5D2D2 /* Resources */,
			);
			buildRules = (
			);
			dependencies = (
				765B798A2086B29F00A5D2D2 /* PBXTargetDependency */,
			);
			name = demoTests;
			productName = demoTests;
			productReference = 765B79882086B29F00A5D2D2 /* demoTests.xctest */;
			productType = "com.apple.product-type.bundle.unit-test";
		};
		765B79922086B2A000A5D2D2 /* demoUITests */ = {
			isa = PBXNativeTarget;
			buildConfigurationList = 765B79A22086B2A000A5D2D2 /* Build configuration list for PBXNativeTarget "demoUITests" */;
			buildPhases = (
				765B798F2086B2A000A5D2D2 /* Sources */,
				765B79902086B2A000A5D2D2 /* Frameworks */,
				765B79912086B2A000A5D2D2 /* Resources */,
			);
			buildRules = (
			);
			dependencies = (
				765B79952086B2A000A5D2D2 /* PBXTargetDependency */,
			);
			name = demoUITests;
			productName = demoUITests;
			productReference = 765B79932086B2A000A5D2D2 /* demoUITests.xctest */;
			productType = "com.apple.product-type.bundle.ui-testing";
		};
/* End PBXNativeTarget section */

/* Begin PBXProject section */
		765B796C2086B27700A5D2D2 /* Project object */ = {
			isa = PBXProject;
			attributes = {
				LastSwiftUpdateCheck = 0930;
				LastUpgradeCheck = 0930;
				ORGANIZATIONNAME = "Yngwie Reigh Vincent Lucero";
				TargetAttributes = {
					765B79732086B27700A5D2D2 = {
						CreatedOnToolsVersion = 9.3;
					};
					765B79872086B29F00A5D2D2 = {
						CreatedOnToolsVersion = 9.3;
						TestTargetID = 765B79732086B27700A5D2D2;
					};
					765B79922086B2A000A5D2D2 = {
						CreatedOnToolsVersion = 9.3;
						TestTargetID = 765B79732086B27700A5D2D2;
					};
				};
			};
			buildConfigurationList = 765B796F2086B27700A5D2D2 /* Build configuration list for PBXProject "demo" */;
			compatibilityVersion = "Xcode 9.3";
			developmentRegion = en;
			hasScannedForEncodings = 0;
			knownRegions = (
				en,
				Base,
			);
			mainGroup = 765B796B2086B27700A5D2D2;
			productRefGroup = 765B79752086B27700A5D2D2 /* Products */;
			projectDirPath = "";
			projectRoot = "";
			targets = (
				765B79732086B27700A5D2D2 /* demo */,
				765B79872086B29F00A5D2D2 /* demoTests */,
				765B79922086B2A000A5D2D2 /* demoUITests */,
			);
		};
/* End PBXProject section */

/* Begin PBXResourcesBuildPhase section */
		765B79722086B27700A5D2D2 /* Resources */ = {
			isa = PBXResourcesBuildPhase;
			buildActionMask = 2147483647;
			files = (
				765B79822086B29F00A5D2D2 /* LaunchScreen.storyboard in Resources */,
				765B797F2086B29F00A5D2D2 /* Assets.xcassets in Resources */,
				765B797D2086B27800A5D2D2 /* Main.storyboard in Resources */,
			);
			runOnlyForDeploymentPostprocessing = 0;
		};
		765B79862086B29F00A5D2D2 /* Resources */ = {
			isa = PBXResourcesBuildPhase;
			buildActionMask = 2147483647;
			files = (
			);
			runOnlyForDeploymentPostprocessing = 0;
		};
		765B79912086B2A000A5D2D2 /* Resources */ = {
			isa = PBXResourcesBuildPhase;
			buildActionMask = 2147483647;
			files = (
			);
			runOnlyForDeploymentPostprocessing = 0;
		};
/* End PBXResourcesBuildPhase section */

/* Begin PBXSourcesBuildPhase section */
		765B79702086B27700A5D2D2 /* Sources */ = {
			isa = PBXSourcesBuildPhase;
			buildActionMask = 2147483647;
			files = (
				765B797A2086B27800A5D2D2 /* Test1ViewController.swift in Sources */,
				765B79A62086B53500A5D2D2 /* Test2ViewController.swift in Sources */,
				765B79A82086B54A00A5D2D2 /* Test3ViewController.swift in Sources */,
				765B79782086B27800A5D2D2 /* AppDelegate.swift in Sources */,
			);
			runOnlyForDeploymentPostprocessing = 0;
		};
		765B79842086B29F00A5D2D2 /* Sources */ = {
			isa = PBXSourcesBuildPhase;
			buildActionMask = 2147483647;
			files = (
				765B798D2086B2A000A5D2D2 /* demoTests.swift in Sources */,
			);
			runOnlyForDeploymentPostprocessing = 0;
		};
		765B798F2086B2A000A5D2D2 /* Sources */ = {
			isa = PBXSourcesBuildPhase;
			buildActionMask = 2147483647;
			files = (
				765B79982086B2A000A5D2D2 /* demoUITests.swift in Sources */,
			);
			runOnlyForDeploymentPostprocessing = 0;
		};
/* End PBXSourcesBuildPhase section */

/* Begin PBXTargetDependency section */
		765B798A2086B29F00A5D2D2 /* PBXTargetDependency */ = {
			isa = PBXTargetDependency;
			target = 765B79732086B27700A5D2D2 /* demo */;
			targetProxy = 765B79892086B29F00A5D2D2 /* PBXContainerItemProxy */;
		};
		765B79952086B2A000A5D2D2 /* PBXTargetDependency */ = {
			isa = PBXTargetDependency;
			target = 765B79732086B27700A5D2D2 /* demo */;
			targetProxy = 765B79942086B2A000A5D2D2 /* PBXContainerItemProxy */;
		};
/* End PBXTargetDependency section */

/* Begin PBXVariantGroup section */
		765B797B2086B27800A5D2D2 /* Main.storyboard */ = {
			isa = PBXVariantGroup;
			children = (
				765B797C2086B27800A5D2D2 /* Base */,
			);
			name = Main.storyboard;
			sourceTree = "<group>";
		};
		765B79802086B29F00A5D2D2 /* LaunchScreen.storyboard */ = {
			isa = PBXVariantGroup;
			children = (
				765B79812086B29F00A5D2D2 /* Base */,
			);
			name = LaunchScreen.storyboard;
			sourceTree = "<group>";
		};
/* End PBXVariantGroup section */

/* Begin XCBuildConfiguration section */
		765B799A2086B2A000A5D2D2 /* Debug */ = {
			isa = XCBuildConfiguration;
			buildSettings = {
				ALWAYS_SEARCH_USER_PATHS = NO;
				CLANG_ANALYZER_NONNULL = YES;
				CLANG_ANALYZER_NUMBER_OBJECT_CONVERSION = YES_AGGRESSIVE;
				CLANG_CXX_LANGUAGE_STANDARD = "gnu++14";
				CLANG_CXX_LIBRARY = "libc++";
				CLANG_ENABLE_MODULES = YES;
				CLANG_ENABLE_OBJC_ARC = YES;
				CLANG_ENABLE_OBJC_WEAK = YES;
				CLANG_WARN_BLOCK_CAPTURE_AUTORELEASING = YES;
				CLANG_WARN_BOOL_CONVERSION = YES;
				CLANG_WARN_COMMA = YES;
				CLANG_WARN_CONSTANT_CONVERSION = YES;
				CLANG_WARN_DEPRECATED_OBJC_IMPLEMENTATIONS = YES;
				CLANG_WARN_DIRECT_OBJC_ISA_USAGE = YES_ERROR;
				CLANG_WARN_DOCUMENTATION_COMMENTS = YES;
				CLANG_WARN_EMPTY_BODY = YES;
				CLANG_WARN_ENUM_CONVERSION = YES;
				CLANG_WARN_INFINITE_RECURSION = YES;
				CLANG_WARN_INT_CONVERSION = YES;
				CLANG_WARN_NON_LITERAL_NULL_CONVERSION = YES;
				CLANG_WARN_OBJC_IMPLICIT_RETAIN_SELF = YES;
				CLANG_WARN_OBJC_LITERAL_CONVERSION = YES;
				CLANG_WARN_OBJC_ROOT_CLASS = YES_ERROR;
				CLANG_WARN_RANGE_LOOP_ANALYSIS = YES;
				CLANG_WARN_STRICT_PROTOTYPES = YES;
				CLANG_WARN_SUSPICIOUS_MOVE = YES;
				CLANG_WARN_UNGUARDED_AVAILABILITY = YES_AGGRESSIVE;
				CLANG_WARN_UNREACHABLE_CODE = YES;
				CLANG_WARN__DUPLICATE_METHOD_MATCH = YES;
				CODE_SIGN_IDENTITY = "iPhone Developer";
				COPY_PHASE_STRIP = NO;
				DEBUG_INFORMATION_FORMAT = dwarf;
				ENABLE_STRICT_OBJC_MSGSEND = YES;
				ENABLE_TESTABILITY = YES;
				GCC_C_LANGUAGE_STANDARD = gnu11;
				GCC_DYNAMIC_NO_PIC = NO;
				GCC_NO_COMMON_BLOCKS = YES;
				GCC_OPTIMIZATION_LEVEL = 0;
				GCC_PREPROCESSOR_DEFINITIONS = (
					"DEBUG=1",
					"$(inherited)",
				);
				GCC_WARN_64_TO_32_BIT_CONVERSION = YES;
				GCC_WARN_ABOUT_RETURN_TYPE = YES_ERROR;
				GCC_WARN_UNDECLARED_SELECTOR = YES;
				GCC_WARN_UNINITIALIZED_AUTOS = YES_AGGRESSIVE;
				GCC_WARN_UNUSED_FUNCTION = YES;
				GCC_WARN_UNUSED_VARIABLE = YES;
				IPHONEOS_DEPLOYMENT_TARGET = 11.3;
				MTL_ENABLE_DEBUG_INFO = YES;
				ONLY_ACTIVE_ARCH = YES;
				SDKROOT = iphoneos;
				SWIFT_ACTIVE_COMPILATION_CONDITIONS = DEBUG;
				SWIFT_OPTIMIZATION_LEVEL = "-Onone";
			};
			name = Debug;
		};
		765B799B2086B2A000A5D2D2 /* Release */ = {
			isa = XCBuildConfiguration;
			buildSettings = {
				ALWAYS_SEARCH_USER_PATHS = NO;
				CLANG_ANALYZER_NONNULL = YES;
				CLANG_ANALYZER_NUMBER_OBJECT_CONVERSION = YES_AGGRESSIVE;
				CLANG_CXX_LANGUAGE_STANDARD = "gnu++14";
				CLANG_CXX_LIBRARY = "libc++";
				CLANG_ENABLE_MODULES = YES;
				CLANG_ENABLE_OBJC_ARC = YES;
				CLANG_ENABLE_OBJC_WEAK = YES;
				CLANG_WARN_BLOCK_CAPTURE_AUTORELEASING = YES;
				CLANG_WARN_BOOL_CONVERSION = YES;
				CLANG_WARN_COMMA = YES;
				CLANG_WARN_CONSTANT_CONVERSION = YES;
				CLANG_WARN_DEPRECATED_OBJC_IMPLEMENTATIONS = YES;
				CLANG_WARN_DIRECT_OBJC_ISA_USAGE = YES_ERROR;
				CLANG_WARN_DOCUMENTATION_COMMENTS = YES;
				CLANG_WARN_EMPTY_BODY = YES;
				CLANG_WARN_ENUM_CONVERSION = YES;
				CLANG_WARN_INFINITE_RECURSION = YES;
				CLANG_WARN_INT_CONVERSION = YES;
				CLANG_WARN_NON_LITERAL_NULL_CONVERSION = YES;
				CLANG_WARN_OBJC_IMPLICIT_RETAIN_SELF = YES;
				CLANG_WARN_OBJC_LITERAL_CONVERSION = YES;
				CLANG_WARN_OBJC_ROOT_CLASS = YES_ERROR;
				CLANG_WARN_RANGE_LOOP_ANALYSIS = YES;
				CLANG_WARN_STRICT_PROTOTYPES = YES;
				CLANG_WARN_SUSPICIOUS_MOVE = YES;
				CLANG_WARN_UNGUARDED_AVAILABILITY = YES_AGGRESSIVE;
				CLANG_WARN_UNREACHABLE_CODE = YES;
				CLANG_WARN__DUPLICATE_METHOD_MATCH = YES;
				CODE_SIGN_IDENTITY = "iPhone Developer";
				COPY_PHASE_STRIP = NO;
				DEBUG_INFORMATION_FORMAT = "dwarf-with-dsym";
				ENABLE_NS_ASSERTIONS = NO;
				ENABLE_STRICT_OBJC_MSGSEND = YES;
				GCC_C_LANGUAGE_STANDARD = gnu11;
				GCC_NO_COMMON_BLOCKS = YES;
				GCC_WARN_64_TO_32_BIT_CONVERSION = YES;
				GCC_WARN_ABOUT_RETURN_TYPE = YES_ERROR;
				GCC_WARN_UNDECLARED_SELECTOR = YES;
				GCC_WARN_UNINITIALIZED_AUTOS = YES_AGGRESSIVE;
				GCC_WARN_UNUSED_FUNCTION = YES;
				GCC_WARN_UNUSED_VARIABLE = YES;
				IPHONEOS_DEPLOYMENT_TARGET = 11.3;
				MTL_ENABLE_DEBUG_INFO = NO;
				SDKROOT = iphoneos;
				SWIFT_COMPILATION_MODE = wholemodule;
				SWIFT_OPTIMIZATION_LEVEL = "-O";
				VALIDATE_PRODUCT = YES;
			};
			name = Release;
		};
		765B799D2086B2A000A5D2D2 /* Debug */ = {
			isa = XCBuildConfiguration;
			buildSettings = {
				ASSETCATALOG_COMPILER_APPICON_NAME = AppIcon;
				CODE_SIGN_STYLE = Automatic;
				INFOPLIST_FILE = demo/Info.plist;
				LD_RUNPATH_SEARCH_PATHS = (
					"$(inherited)",
					"@executable_path/Frameworks",
				);
				PRODUCT_BUNDLE_IDENTIFIER = test.demo;
				PRODUCT_NAME = "$(TARGET_NAME)";
				SWIFT_VERSION = 4.0;
				TARGETED_DEVICE_FAMILY = "1,2";
			};
			name = Debug;
		};
		765B799E2086B2A000A5D2D2 /* Release */ = {
			isa = XCBuildConfiguration;
			buildSettings = {
				ASSETCATALOG_COMPILER_APPICON_NAME = AppIcon;
				CODE_SIGN_STYLE = Automatic;
				INFOPLIST_FILE = demo/Info.plist;
				LD_RUNPATH_SEARCH_PATHS = (
					"$(inherited)",
					"@executable_path/Frameworks",
				);
				PRODUCT_BUNDLE_IDENTIFIER = test.demo;
				PRODUCT_NAME = "$(TARGET_NAME)";
				SWIFT_VERSION = 4.0;
				TARGETED_DEVICE_FAMILY = "1,2";
			};
			name = Release;
		};
		765B79A02086B2A000A5D2D2 /* Debug */ = {
			isa = XCBuildConfiguration;
			buildSettings = {
				ALWAYS_EMBED_SWIFT_STANDARD_LIBRARIES = YES;
				BUNDLE_LOADER = "$(TEST_HOST)";
				CODE_SIGN_STYLE = Automatic;
				INFOPLIST_FILE = demoTests/Info.plist;
				LD_RUNPATH_SEARCH_PATHS = (
					"$(inherited)",
					"@executable_path/Frameworks",
					"@loader_path/Frameworks",
				);
				PRODUCT_BUNDLE_IDENTIFIER = test.demoTests;
				PRODUCT_NAME = "$(TARGET_NAME)";
				SWIFT_VERSION = 4.0;
				TARGETED_DEVICE_FAMILY = "1,2";
				TEST_HOST = "$(BUILT_PRODUCTS_DIR)/demo.app/demo";
			};
			name = Debug;
		};
		765B79A12086B2A000A5D2D2 /* Release */ = {
			isa = XCBuildConfiguration;
			buildSettings = {
				ALWAYS_EMBED_SWIFT_STANDARD_LIBRARIES = YES;
				BUNDLE_LOADER = "$(TEST_HOST)";
				CODE_SIGN_STYLE = Automatic;
				INFOPLIST_FILE = demoTests/Info.plist;
				LD_RUNPATH_SEARCH_PATHS = (
					"$(inherited)",
					"@executable_path/Frameworks",
					"@loader_path/Frameworks",
				);
				PRODUCT_BUNDLE_IDENTIFIER = test.demoTests;
				PRODUCT_NAME = "$(TARGET_NAME)";
				SWIFT_VERSION = 4.0;
				TARGETED_DEVICE_FAMILY = "1,2";
				TEST_HOST = "$(BUILT_PRODUCTS_DIR)/demo.app/demo";
			};
			name = Release;
		};
		765B79A32086B2A000A5D2D2 /* Debug */ = {
			isa = XCBuildConfiguration;
			buildSettings = {
				ALWAYS_EMBED_SWIFT_STANDARD_LIBRARIES = YES;
				CODE_SIGN_STYLE = Automatic;
				INFOPLIST_FILE = demoUITests/Info.plist;
				LD_RUNPATH_SEARCH_PATHS = (
					"$(inherited)",
					"@executable_path/Frameworks",
					"@loader_path/Frameworks",
				);
				PRODUCT_BUNDLE_IDENTIFIER = test.demoUITests;
				PRODUCT_NAME = "$(TARGET_NAME)";
				SWIFT_VERSION = 4.0;
				TARGETED_DEVICE_FAMILY = "1,2";
				TEST_TARGET_NAME = demo;
			};
			name = Debug;
		};
		765B79A42086B2A000A5D2D2 /* Release */ = {
			isa = XCBuildConfiguration;
			buildSettings = {
				ALWAYS_EMBED_SWIFT_STANDARD_LIBRARIES = YES;
				CODE_SIGN_STYLE = Automatic;
				INFOPLIST_FILE = demoUITests/Info.plist;
				LD_RUNPATH_SEARCH_PATHS = (
					"$(inherited)",
					"@executable_path/Frameworks",
					"@loader_path/Frameworks",
				);
				PRODUCT_BUNDLE_IDENTIFIER = test.demoUITests;
				PRODUCT_NAME = "$(TARGET_NAME)";
				SWIFT_VERSION = 4.0;
				TARGETED_DEVICE_FAMILY = "1,2";
				TEST_TARGET_NAME = demo;
			};
			name = Release;
		};
/* End XCBuildConfiguration section */

/* Begin XCConfigurationList section */
		765B796F2086B27700A5D2D2 /* Build configuration list for PBXProject "demo" */ = {
			isa = XCConfigurationList;
			buildConfigurations = (
				765B799A2086B2A000A5D2D2 /* Debug */,
				765B799B2086B2A000A5D2D2 /* Release */,
			);
			defaultConfigurationIsVisible = 0;
			defaultConfigurationName = Release;
		};
		765B799C2086B2A000A5D2D2 /* Build configuration list for PBXNativeTarget "demo" */ = {
			isa = XCConfigurationList;
			buildConfigurations = (
				765B799D2086B2A000A5D2D2 /* Debug */,
				765B799E2086B2A000A5D2D2 /* Release */,
			);
			defaultConfigurationIsVisible = 0;
			defaultConfigurationName = Release;
		};
		765B799F2086B2A000A5D2D2 /* Build configuration list for PBXNativeTarget "demoTests" */ = {
			isa = XCConfigurationList;
			buildConfigurations = (
				765B79A02086B2A000A5D2D2 /* Debug */,
				765B79A12086B2A000A5D2D2 /* Release */,
			);
			defaultConfigurationIsVisible = 0;
			defaultConfigurationName = Release;
		};
		765B79A22086B2A000A5D2D2 /* Build configuration list for PBXNativeTarget "demoUITests" */ = {
			isa = XCConfigurationList;
			buildConfigurations = (
				765B79A32086B2A000A5D2D2 /* Debug */,
				765B79A42086B2A000A5D2D2 /* Release */,
			);
			defaultConfigurationIsVisible = 0;
			defaultConfigurationName = Release;
		};
/* End XCConfigurationList section */
	};
	rootObject = 765B796C2086B27700A5D2D2 /* Project object */;
}
